
Microsoft Visual Studio Solution File, Format Version 12.00
# Visual Studio Version 17
VisualStudioVersion = 17.8.34511.84
MinimumVisualStudioVersion = 10.0.40219.1
Project("{FAE04EC0-301F-11D3-BF4B-00C04F79EFBC}") = "HeartifyDating", "HeartifyDating\HeartifyDating.csproj", "{764F7A84-20A2-4F5A-B8FF-5B1E9FAEA23E}"
EndProject
Project("{FAE04EC0-301F-11D3-BF4B-00C04F79EFBC}") = "HeartifyDating.Core", "HeartifyDating.Core\HeartifyDating.Core.csproj", "{9B587EB3-BA2E-4E41-99FF-3D140D9B3D50}"
EndProject
Project("{FAE04EC0-301F-11D3-BF4B-00C04F79EFBC}") = "HeartifyDating.Infrastructure", "HeartifyDating.Infrastructure\HeartifyDating.Infrastructure.csproj", "{A6058E0A-3C02-4048-9171-3E849F3B6392}"
EndProject
Global
	GlobalSection(SolutionConfigurationPlatforms) = preSolution
		Debug|Any CPU = Debug|Any CPU
		Release|Any CPU = Release|Any CPU
	EndGlobalSection
	GlobalSection(ProjectConfigurationPlatforms) = postSolution
		{764F7A84-20A2-4F5A-B8FF-5B1E9FAEA23E}.Debug|Any CPU.ActiveCfg = Debug|Any CPU
		{764F7A84-20A2-4F5A-B8FF-5B1E9FAEA23E}.Debug|Any CPU.Build.0 = Debug|Any CPU
		{764F7A84-20A2-4F5A-B8FF-5B1E9FAEA23E}.Release|Any CPU.ActiveCfg = Release|Any CPU
		{764F7A84-20A2-4F5A-B8FF-5B1E9FAEA23E}.Release|Any CPU.Build.0 = Release|Any CPU
		{9B587EB3-BA2E-4E41-99FF-3D140D9B3D50}.Debug|Any CPU.ActiveCfg = Debug|Any CPU
		{9B587EB3-BA2E-4E41-99FF-3D140D9B3D50}.Debug|Any CPU.Build.0 = Debug|Any CPU
		{9B587EB3-BA2E-4E41-99FF-3D140D9B3D50}.Release|Any CPU.ActiveCfg = Release|Any CPU
		{9B587EB3-BA2E-4E41-99FF-3D140D9B3D50}.Release|Any CPU.Build.0 = Release|Any CPU
		{A6058E0A-3C02-4048-9171-3E849F3B6392}.Debug|Any CPU.ActiveCfg = Debug|Any CPU
		{A6058E0A-3C02-4048-9171-3E849F3B6392}.Debug|Any CPU.Build.0 = Debug|Any CPU
		{A6058E0A-3C02-4048-9171-3E849F3B6392}.Release|Any CPU.ActiveCfg = Release|Any CPU
		{A6058E0A-3C02-4048-9171-3E849F3B6392}.Release|Any CPU.Build.0 = Release|Any CPU
	EndGlobalSection
	GlobalSection(SolutionProperties) = preSolution
		HideSolutionNode = FALSE
	EndGlobalSection
	GlobalSection(ExtensibilityGlobals) = postSolution
		SolutionGuid = {FF46E0EB-FC8C-4C1C-A5C4-10439666BB7E}
	EndGlobalSection
EndGlobal
